
Microsoft Visual Studio Solution File, Format Version 12.00
# Visual Studio 15
VisualStudioVersion = 15.0.26124.0
MinimumVisualStudioVersion = 15.0.26124.0
Project("{FAE04EC0-301F-11D3-BF4B-00C04F79EFBC}") = "service01", "service01\service01.csproj", "{579FD5EA-DF6B-491E-8867-C06C99674931}"
EndProject
Project("{FAE04EC0-301F-11D3-BF4B-00C04F79EFBC}") = "service02", "service02\service02.csproj", "{E1ED6DE2-A812-4FD8-AD2B-B61884802ABD}"
EndProject
Project("{FAE04EC0-301F-11D3-BF4B-00C04F79EFBC}") = "service03", "service03\service03.csproj", "{0F4039C8-5BD1-4592-9323-28FCB1FBA938}"
EndProject
Project("{FAE04EC0-301F-11D3-BF4B-00C04F79EFBC}") = "infrastructure", "infrastructure\infrastructure.csproj", "{89D3C410-5712-4BEA-9867-853B61E42753}"
EndProject
Project("{FAE04EC0-301F-11D3-BF4B-00C04F79EFBC}") = "documents", "documents\documents.csproj", "{8D060436-41D9-4ADD-9B17-5D5B244D87AF}"
EndProject
Project("{FAE04EC0-301F-11D3-BF4B-00C04F79EFBC}") = "authService.IdentityServer", "idserver\authService.IdentityServer\authService.IdentityServer.csproj", "{4C9F849D-BC3C-4D4C-890A-1D0612F92782}"
EndProject
Project("{FAE04EC0-301F-11D3-BF4B-00C04F79EFBC}") = "authService.AuthModels", "idserver\authService.AuthModels\authService.AuthModels.csproj", "{58089695-08BE-4DFD-ADB1-0F1D0369201F}"
EndProject
Project("{FAE04EC0-301F-11D3-BF4B-00C04F79EFBC}") = "authService.DbUp", "idserver\authService.DbUp\authService.DbUp.csproj", "{8433FFB5-DB24-4A3E-B5FF-B356592B2B05}"
EndProject
Project("{2150E333-8FDC-42A3-9474-1A3956D46DE8}") = "step02", "step02", "{FB9453AD-5CBE-435D-97F2-964216BDAC94}"
EndProject
Global
	GlobalSection(SolutionConfigurationPlatforms) = preSolution
		Debug|Any CPU = Debug|Any CPU
		Debug|x64 = Debug|x64
		Debug|x86 = Debug|x86
		Release|Any CPU = Release|Any CPU
		Release|x64 = Release|x64
		Release|x86 = Release|x86
	EndGlobalSection
	GlobalSection(SolutionProperties) = preSolution
		HideSolutionNode = FALSE
	EndGlobalSection
	GlobalSection(ProjectConfigurationPlatforms) = postSolution
		{579FD5EA-DF6B-491E-8867-C06C99674931}.Debug|Any CPU.ActiveCfg = Debug|Any CPU
		{579FD5EA-DF6B-491E-8867-C06C99674931}.Debug|Any CPU.Build.0 = Debug|Any CPU
		{579FD5EA-DF6B-491E-8867-C06C99674931}.Debug|x64.ActiveCfg = Debug|Any CPU
		{579FD5EA-DF6B-491E-8867-C06C99674931}.Debug|x64.Build.0 = Debug|Any CPU
		{579FD5EA-DF6B-491E-8867-C06C99674931}.Debug|x86.ActiveCfg = Debug|Any CPU
		{579FD5EA-DF6B-491E-8867-C06C99674931}.Debug|x86.Build.0 = Debug|Any CPU
		{579FD5EA-DF6B-491E-8867-C06C99674931}.Release|Any CPU.ActiveCfg = Release|Any CPU
		{579FD5EA-DF6B-491E-8867-C06C99674931}.Release|Any CPU.Build.0 = Release|Any CPU
		{579FD5EA-DF6B-491E-8867-C06C99674931}.Release|x64.ActiveCfg = Release|Any CPU
		{579FD5EA-DF6B-491E-8867-C06C99674931}.Release|x64.Build.0 = Release|Any CPU
		{579FD5EA-DF6B-491E-8867-C06C99674931}.Release|x86.ActiveCfg = Release|Any CPU
		{579FD5EA-DF6B-491E-8867-C06C99674931}.Release|x86.Build.0 = Release|Any CPU
		{E1ED6DE2-A812-4FD8-AD2B-B61884802ABD}.Debug|Any CPU.ActiveCfg = Debug|Any CPU
		{E1ED6DE2-A812-4FD8-AD2B-B61884802ABD}.Debug|Any CPU.Build.0 = Debug|Any CPU
		{E1ED6DE2-A812-4FD8-AD2B-B61884802ABD}.Debug|x64.ActiveCfg = Debug|Any CPU
		{E1ED6DE2-A812-4FD8-AD2B-B61884802ABD}.Debug|x64.Build.0 = Debug|Any CPU
		{E1ED6DE2-A812-4FD8-AD2B-B61884802ABD}.Debug|x86.ActiveCfg = Debug|Any CPU
		{E1ED6DE2-A812-4FD8-AD2B-B61884802ABD}.Debug|x86.Build.0 = Debug|Any CPU
		{E1ED6DE2-A812-4FD8-AD2B-B61884802ABD}.Release|Any CPU.ActiveCfg = Release|Any CPU
		{E1ED6DE2-A812-4FD8-AD2B-B61884802ABD}.Release|Any CPU.Build.0 = Release|Any CPU
		{E1ED6DE2-A812-4FD8-AD2B-B61884802ABD}.Release|x64.ActiveCfg = Release|Any CPU
		{E1ED6DE2-A812-4FD8-AD2B-B61884802ABD}.Release|x64.Build.0 = Release|Any CPU
		{E1ED6DE2-A812-4FD8-AD2B-B61884802ABD}.Release|x86.ActiveCfg = Release|Any CPU
		{E1ED6DE2-A812-4FD8-AD2B-B61884802ABD}.Release|x86.Build.0 = Release|Any CPU
		{0F4039C8-5BD1-4592-9323-28FCB1FBA938}.Debug|Any CPU.ActiveCfg = Debug|Any CPU
		{0F4039C8-5BD1-4592-9323-28FCB1FBA938}.Debug|Any CPU.Build.0 = Debug|Any CPU
		{0F4039C8-5BD1-4592-9323-28FCB1FBA938}.Debug|x64.ActiveCfg = Debug|Any CPU
		{0F4039C8-5BD1-4592-9323-28FCB1FBA938}.Debug|x64.Build.0 = Debug|Any CPU
		{0F4039C8-5BD1-4592-9323-28FCB1FBA938}.Debug|x86.ActiveCfg = Debug|Any CPU
		{0F4039C8-5BD1-4592-9323-28FCB1FBA938}.Debug|x86.Build.0 = Debug|Any CPU
		{0F4039C8-5BD1-4592-9323-28FCB1FBA938}.Release|Any CPU.ActiveCfg = Release|Any CPU
		{0F4039C8-5BD1-4592-9323-28FCB1FBA938}.Release|Any CPU.Build.0 = Release|Any CPU
		{0F4039C8-5BD1-4592-9323-28FCB1FBA938}.Release|x64.ActiveCfg = Release|Any CPU
		{0F4039C8-5BD1-4592-9323-28FCB1FBA938}.Release|x64.Build.0 = Release|Any CPU
		{0F4039C8-5BD1-4592-9323-28FCB1FBA938}.Release|x86.ActiveCfg = Release|Any CPU
		{0F4039C8-5BD1-4592-9323-28FCB1FBA938}.Release|x86.Build.0 = Release|Any CPU
		{89D3C410-5712-4BEA-9867-853B61E42753}.Debug|Any CPU.ActiveCfg = Debug|Any CPU
		{89D3C410-5712-4BEA-9867-853B61E42753}.Debug|Any CPU.Build.0 = Debug|Any CPU
		{89D3C410-5712-4BEA-9867-853B61E42753}.Debug|x64.ActiveCfg = Debug|Any CPU
		{89D3C410-5712-4BEA-9867-853B61E42753}.Debug|x64.Build.0 = Debug|Any CPU
		{89D3C410-5712-4BEA-9867-853B61E42753}.Debug|x86.ActiveCfg = Debug|Any CPU
		{89D3C410-5712-4BEA-9867-853B61E42753}.Debug|x86.Build.0 = Debug|Any CPU
		{89D3C410-5712-4BEA-9867-853B61E42753}.Release|Any CPU.ActiveCfg = Release|Any CPU
		{89D3C410-5712-4BEA-9867-853B61E42753}.Release|Any CPU.Build.0 = Release|Any CPU
		{89D3C410-5712-4BEA-9867-853B61E42753}.Release|x64.ActiveCfg = Release|Any CPU
		{89D3C410-5712-4BEA-9867-853B61E42753}.Release|x64.Build.0 = Release|Any CPU
		{89D3C410-5712-4BEA-9867-853B61E42753}.Release|x86.ActiveCfg = Release|Any CPU
		{89D3C410-5712-4BEA-9867-853B61E42753}.Release|x86.Build.0 = Release|Any CPU
		{8D060436-41D9-4ADD-9B17-5D5B244D87AF}.Debug|Any CPU.ActiveCfg = Debug|Any CPU
		{8D060436-41D9-4ADD-9B17-5D5B244D87AF}.Debug|Any CPU.Build.0 = Debug|Any CPU
		{8D060436-41D9-4ADD-9B17-5D5B244D87AF}.Debug|x64.ActiveCfg = Debug|Any CPU
		{8D060436-41D9-4ADD-9B17-5D5B244D87AF}.Debug|x64.Build.0 = Debug|Any CPU
		{8D060436-41D9-4ADD-9B17-5D5B244D87AF}.Debug|x86.ActiveCfg = Debug|Any CPU
		{8D060436-41D9-4ADD-9B17-5D5B244D87AF}.Debug|x86.Build.0 = Debug|Any CPU
		{8D060436-41D9-4ADD-9B17-5D5B244D87AF}.Release|Any CPU.ActiveCfg = Release|Any CPU
		{8D060436-41D9-4ADD-9B17-5D5B244D87AF}.Release|Any CPU.Build.0 = Release|Any CPU
		{8D060436-41D9-4ADD-9B17-5D5B244D87AF}.Release|x64.ActiveCfg = Release|Any CPU
		{8D060436-41D9-4ADD-9B17-5D5B244D87AF}.Release|x64.Build.0 = Release|Any CPU
		{8D060436-41D9-4ADD-9B17-5D5B244D87AF}.Release|x86.ActiveCfg = Release|Any CPU
		{8D060436-41D9-4ADD-9B17-5D5B244D87AF}.Release|x86.Build.0 = Release|Any CPU
		{4C9F849D-BC3C-4D4C-890A-1D0612F92782}.Debug|Any CPU.ActiveCfg = Debug|Any CPU
		{4C9F849D-BC3C-4D4C-890A-1D0612F92782}.Debug|Any CPU.Build.0 = Debug|Any CPU
		{4C9F849D-BC3C-4D4C-890A-1D0612F92782}.Debug|x64.ActiveCfg = Debug|Any CPU
		{4C9F849D-BC3C-4D4C-890A-1D0612F92782}.Debug|x64.Build.0 = Debug|Any CPU
		{4C9F849D-BC3C-4D4C-890A-1D0612F92782}.Debug|x86.ActiveCfg = Debug|Any CPU
		{4C9F849D-BC3C-4D4C-890A-1D0612F92782}.Debug|x86.Build.0 = Debug|Any CPU
		{4C9F849D-BC3C-4D4C-890A-1D0612F92782}.Release|Any CPU.ActiveCfg = Release|Any CPU
		{4C9F849D-BC3C-4D4C-890A-1D0612F92782}.Release|Any CPU.Build.0 = Release|Any CPU
		{4C9F849D-BC3C-4D4C-890A-1D0612F92782}.Release|x64.ActiveCfg = Release|Any CPU
		{4C9F849D-BC3C-4D4C-890A-1D0612F92782}.Release|x64.Build.0 = Release|Any CPU
		{4C9F849D-BC3C-4D4C-890A-1D0612F92782}.Release|x86.ActiveCfg = Release|Any CPU
		{4C9F849D-BC3C-4D4C-890A-1D0612F92782}.Release|x86.Build.0 = Release|Any CPU
		{58089695-08BE-4DFD-ADB1-0F1D0369201F}.Debug|Any CPU.ActiveCfg = Debug|Any CPU
		{58089695-08BE-4DFD-ADB1-0F1D0369201F}.Debug|Any CPU.Build.0 = Debug|Any CPU
		{58089695-08BE-4DFD-ADB1-0F1D0369201F}.Debug|x64.ActiveCfg = Debug|Any CPU
		{58089695-08BE-4DFD-ADB1-0F1D0369201F}.Debug|x64.Build.0 = Debug|Any CPU
		{58089695-08BE-4DFD-ADB1-0F1D0369201F}.Debug|x86.ActiveCfg = Debug|Any CPU
		{58089695-08BE-4DFD-ADB1-0F1D0369201F}.Debug|x86.Build.0 = Debug|Any CPU
		{58089695-08BE-4DFD-ADB1-0F1D0369201F}.Release|Any CPU.ActiveCfg = Release|Any CPU
		{58089695-08BE-4DFD-ADB1-0F1D0369201F}.Release|Any CPU.Build.0 = Release|Any CPU
		{58089695-08BE-4DFD-ADB1-0F1D0369201F}.Release|x64.ActiveCfg = Release|Any CPU
		{58089695-08BE-4DFD-ADB1-0F1D0369201F}.Release|x64.Build.0 = Release|Any CPU
		{58089695-08BE-4DFD-ADB1-0F1D0369201F}.Release|x86.ActiveCfg = Release|Any CPU
		{58089695-08BE-4DFD-ADB1-0F1D0369201F}.Release|x86.Build.0 = Release|Any CPU
		{8433FFB5-DB24-4A3E-B5FF-B356592B2B05}.Debug|Any CPU.ActiveCfg = Debug|Any CPU
		{8433FFB5-DB24-4A3E-B5FF-B356592B2B05}.Debug|Any CPU.Build.0 = Debug|Any CPU
		{8433FFB5-DB24-4A3E-B5FF-B356592B2B05}.Debug|x64.ActiveCfg = Debug|Any CPU
		{8433FFB5-DB24-4A3E-B5FF-B356592B2B05}.Debug|x64.Build.0 = Debug|Any CPU
		{8433FFB5-DB24-4A3E-B5FF-B356592B2B05}.Debug|x86.ActiveCfg = Debug|Any CPU
		{8433FFB5-DB24-4A3E-B5FF-B356592B2B05}.Debug|x86.Build.0 = Debug|Any CPU
		{8433FFB5-DB24-4A3E-B5FF-B356592B2B05}.Release|Any CPU.ActiveCfg = Release|Any CPU
		{8433FFB5-DB24-4A3E-B5FF-B356592B2B05}.Release|Any CPU.Build.0 = Release|Any CPU
		{8433FFB5-DB24-4A3E-B5FF-B356592B2B05}.Release|x64.ActiveCfg = Release|Any CPU
		{8433FFB5-DB24-4A3E-B5FF-B356592B2B05}.Release|x64.Build.0 = Release|Any CPU
		{8433FFB5-DB24-4A3E-B5FF-B356592B2B05}.Release|x86.ActiveCfg = Release|Any CPU
		{8433FFB5-DB24-4A3E-B5FF-B356592B2B05}.Release|x86.Build.0 = Release|Any CPU
	EndGlobalSection
	GlobalSection(NestedProjects) = preSolution
		{58089695-08BE-4DFD-ADB1-0F1D0369201F} = {FB9453AD-5CBE-435D-97F2-964216BDAC94}
		{4C9F849D-BC3C-4D4C-890A-1D0612F92782} = {FB9453AD-5CBE-435D-97F2-964216BDAC94}
		{8433FFB5-DB24-4A3E-B5FF-B356592B2B05} = {FB9453AD-5CBE-435D-97F2-964216BDAC94}
	EndGlobalSection
EndGlobal
