
Microsoft Visual Studio Solution File, Format Version 12.00
# Visual Studio 15
VisualStudioVersion = 15.0.26124.0
MinimumVisualStudioVersion = 15.0.26124.0
Project("{FAE04EC0-301F-11D3-BF4B-00C04F79EFBC}") = "service01", "service01\service01.csproj", "{579FD5EA-DF6B-491E-8867-C06C99674931}"
EndProject
Project("{FAE04EC0-301F-11D3-BF4B-00C04F79EFBC}") = "service02", "service02\service02.csproj", "{E1ED6DE2-A812-4FD8-AD2B-B61884802ABD}"
EndProject
Project("{FAE04EC0-301F-11D3-BF4B-00C04F79EFBC}") = "service03", "service03\service03.csproj", "{0F4039C8-5BD1-4592-9323-28FCB1FBA938}"
EndProject
Project("{FAE04EC0-301F-11D3-BF4B-00C04F79EFBC}") = "infrastructure", "infrastructure\infrastructure.csproj", "{89D3C410-5712-4BEA-9867-853B61E42753}"
EndProject
Global
	GlobalSection(SolutionConfigurationPlatforms) = preSolution
		Debug|Any CPU = Debug|Any CPU
		Debug|x64 = Debug|x64
		Debug|x86 = Debug|x86
		Release|Any CPU = Release|Any CPU
		Release|x64 = Release|x64
		Release|x86 = Release|x86
	EndGlobalSection
	GlobalSection(SolutionProperties) = preSolution
		HideSolutionNode = FALSE
	EndGlobalSection
	GlobalSection(ProjectConfigurationPlatforms) = postSolution
		{579FD5EA-DF6B-491E-8867-C06C99674931}.Debug|Any CPU.ActiveCfg = Debug|Any CPU
		{579FD5EA-DF6B-491E-8867-C06C99674931}.Debug|Any CPU.Build.0 = Debug|Any CPU
		{579FD5EA-DF6B-491E-8867-C06C99674931}.Debug|x64.ActiveCfg = Debug|Any CPU
		{579FD5EA-DF6B-491E-8867-C06C99674931}.Debug|x64.Build.0 = Debug|Any CPU
		{579FD5EA-DF6B-491E-8867-C06C99674931}.Debug|x86.ActiveCfg = Debug|Any CPU
		{579FD5EA-DF6B-491E-8867-C06C99674931}.Debug|x86.Build.0 = Debug|Any CPU
		{579FD5EA-DF6B-491E-8867-C06C99674931}.Release|Any CPU.ActiveCfg = Release|Any CPU
		{579FD5EA-DF6B-491E-8867-C06C99674931}.Release|Any CPU.Build.0 = Release|Any CPU
		{579FD5EA-DF6B-491E-8867-C06C99674931}.Release|x64.ActiveCfg = Release|Any CPU
		{579FD5EA-DF6B-491E-8867-C06C99674931}.Release|x64.Build.0 = Release|Any CPU
		{579FD5EA-DF6B-491E-8867-C06C99674931}.Release|x86.ActiveCfg = Release|Any CPU
		{579FD5EA-DF6B-491E-8867-C06C99674931}.Release|x86.Build.0 = Release|Any CPU
		{E1ED6DE2-A812-4FD8-AD2B-B61884802ABD}.Debug|Any CPU.ActiveCfg = Debug|Any CPU
		{E1ED6DE2-A812-4FD8-AD2B-B61884802ABD}.Debug|Any CPU.Build.0 = Debug|Any CPU
		{E1ED6DE2-A812-4FD8-AD2B-B61884802ABD}.Debug|x64.ActiveCfg = Debug|Any CPU
		{E1ED6DE2-A812-4FD8-AD2B-B61884802ABD}.Debug|x64.Build.0 = Debug|Any CPU
		{E1ED6DE2-A812-4FD8-AD2B-B61884802ABD}.Debug|x86.ActiveCfg = Debug|Any CPU
		{E1ED6DE2-A812-4FD8-AD2B-B61884802ABD}.Debug|x86.Build.0 = Debug|Any CPU
		{E1ED6DE2-A812-4FD8-AD2B-B61884802ABD}.Release|Any CPU.ActiveCfg = Release|Any CPU
		{E1ED6DE2-A812-4FD8-AD2B-B61884802ABD}.Release|Any CPU.Build.0 = Release|Any CPU
		{E1ED6DE2-A812-4FD8-AD2B-B61884802ABD}.Release|x64.ActiveCfg = Release|Any CPU
		{E1ED6DE2-A812-4FD8-AD2B-B61884802ABD}.Release|x64.Build.0 = Release|Any CPU
		{E1ED6DE2-A812-4FD8-AD2B-B61884802ABD}.Release|x86.ActiveCfg = Release|Any CPU
		{E1ED6DE2-A812-4FD8-AD2B-B61884802ABD}.Release|x86.Build.0 = Release|Any CPU
		{0F4039C8-5BD1-4592-9323-28FCB1FBA938}.Debug|Any CPU.ActiveCfg = Debug|Any CPU
		{0F4039C8-5BD1-4592-9323-28FCB1FBA938}.Debug|Any CPU.Build.0 = Debug|Any CPU
		{0F4039C8-5BD1-4592-9323-28FCB1FBA938}.Debug|x64.ActiveCfg = Debug|Any CPU
		{0F4039C8-5BD1-4592-9323-28FCB1FBA938}.Debug|x64.Build.0 = Debug|Any CPU
		{0F4039C8-5BD1-4592-9323-28FCB1FBA938}.Debug|x86.ActiveCfg = Debug|Any CPU
		{0F4039C8-5BD1-4592-9323-28FCB1FBA938}.Debug|x86.Build.0 = Debug|Any CPU
		{0F4039C8-5BD1-4592-9323-28FCB1FBA938}.Release|Any CPU.ActiveCfg = Release|Any CPU
		{0F4039C8-5BD1-4592-9323-28FCB1FBA938}.Release|Any CPU.Build.0 = Release|Any CPU
		{0F4039C8-5BD1-4592-9323-28FCB1FBA938}.Release|x64.ActiveCfg = Release|Any CPU
		{0F4039C8-5BD1-4592-9323-28FCB1FBA938}.Release|x64.Build.0 = Release|Any CPU
		{0F4039C8-5BD1-4592-9323-28FCB1FBA938}.Release|x86.ActiveCfg = Release|Any CPU
		{0F4039C8-5BD1-4592-9323-28FCB1FBA938}.Release|x86.Build.0 = Release|Any CPU
		{89D3C410-5712-4BEA-9867-853B61E42753}.Debug|Any CPU.ActiveCfg = Debug|Any CPU
		{89D3C410-5712-4BEA-9867-853B61E42753}.Debug|Any CPU.Build.0 = Debug|Any CPU
		{89D3C410-5712-4BEA-9867-853B61E42753}.Debug|x64.ActiveCfg = Debug|Any CPU
		{89D3C410-5712-4BEA-9867-853B61E42753}.Debug|x64.Build.0 = Debug|Any CPU
		{89D3C410-5712-4BEA-9867-853B61E42753}.Debug|x86.ActiveCfg = Debug|Any CPU
		{89D3C410-5712-4BEA-9867-853B61E42753}.Debug|x86.Build.0 = Debug|Any CPU
		{89D3C410-5712-4BEA-9867-853B61E42753}.Release|Any CPU.ActiveCfg = Release|Any CPU
		{89D3C410-5712-4BEA-9867-853B61E42753}.Release|Any CPU.Build.0 = Release|Any CPU
		{89D3C410-5712-4BEA-9867-853B61E42753}.Release|x64.ActiveCfg = Release|Any CPU
		{89D3C410-5712-4BEA-9867-853B61E42753}.Release|x64.Build.0 = Release|Any CPU
		{89D3C410-5712-4BEA-9867-853B61E42753}.Release|x86.ActiveCfg = Release|Any CPU
		{89D3C410-5712-4BEA-9867-853B61E42753}.Release|x86.Build.0 = Release|Any CPU
	EndGlobalSection
EndGlobal
